
Microsoft Visual Studio Solution File, Format Version 12.00
# Visual Studio Version 16
VisualStudioVersion = 16.0.30413.136
MinimumVisualStudioVersion = 10.0.40219.1
Project("{FAE04EC0-301F-11D3-BF4B-00C04F79EFBC}") = "HashingAPI", "HashingAPI\HashingAPI.csproj", "{3FBEBDCF-5520-4CF9-AE25-DDF47827A834}"
EndProject
Global
	GlobalSection(SolutionConfigurationPlatforms) = preSolution
		Debug|Any CPU = Debug|Any CPU
		Release|Any CPU = Release|Any CPU
	EndGlobalSection
	GlobalSection(ProjectConfigurationPlatforms) = postSolution
		{3FBEBDCF-5520-4CF9-AE25-DDF47827A834}.Debug|Any CPU.ActiveCfg = Debug|Any CPU
		{3FBEBDCF-5520-4CF9-AE25-DDF47827A834}.Debug|Any CPU.Build.0 = Debug|Any CPU
		{3FBEBDCF-5520-4CF9-AE25-DDF47827A834}.Release|Any CPU.ActiveCfg = Release|Any CPU
		{3FBEBDCF-5520-4CF9-AE25-DDF47827A834}.Release|Any CPU.Build.0 = Release|Any CPU
	EndGlobalSection
	GlobalSection(SolutionProperties) = preSolution
		HideSolutionNode = FALSE
	EndGlobalSection
	GlobalSection(ExtensibilityGlobals) = postSolution
		SolutionGuid = {2A86F8C8-7463-47A4-AD62-5C08347C5528}
	EndGlobalSection
EndGlobal
